
Microsoft Visual Studio Solution File, Format Version 12.00
# Visual Studio 2012
Project("{FAE04EC0-301F-11D3-BF4B-00C04F79EFBC}") = "PartialCodes", "PartialCodes\PartialCodes.csproj", "{CB8E73FB-4E44-4BB7-92A2-C7D62262F898}"
EndProject
Project("{FAE04EC0-301F-11D3-BF4B-00C04F79EFBC}") = "MergingArrays", "MergingArrays\MergingArrays.csproj", "{316A0E4B-11B4-4A60-B845-53D6B6B8EB24}"
EndProject
Global
	GlobalSection(SolutionConfigurationPlatforms) = preSolution
		Debug|Any CPU = Debug|Any CPU
		Release|Any CPU = Release|Any CPU
	EndGlobalSection
	GlobalSection(ProjectConfigurationPlatforms) = postSolution
		{CB8E73FB-4E44-4BB7-92A2-C7D62262F898}.Debug|Any CPU.ActiveCfg = Debug|Any CPU
		{CB8E73FB-4E44-4BB7-92A2-C7D62262F898}.Debug|Any CPU.Build.0 = Debug|Any CPU
		{CB8E73FB-4E44-4BB7-92A2-C7D62262F898}.Release|Any CPU.ActiveCfg = Release|Any CPU
		{CB8E73FB-4E44-4BB7-92A2-C7D62262F898}.Release|Any CPU.Build.0 = Release|Any CPU
		{316A0E4B-11B4-4A60-B845-53D6B6B8EB24}.Debug|Any CPU.ActiveCfg = Debug|Any CPU
		{316A0E4B-11B4-4A60-B845-53D6B6B8EB24}.Debug|Any CPU.Build.0 = Debug|Any CPU
		{316A0E4B-11B4-4A60-B845-53D6B6B8EB24}.Release|Any CPU.ActiveCfg = Release|Any CPU
		{316A0E4B-11B4-4A60-B845-53D6B6B8EB24}.Release|Any CPU.Build.0 = Release|Any CPU
	EndGlobalSection
	GlobalSection(SolutionProperties) = preSolution
		HideSolutionNode = FALSE
	EndGlobalSection
EndGlobal
