
Microsoft Visual Studio Solution File, Format Version 12.00
# Visual Studio 2012
Project("{FAE04EC0-301F-11D3-BF4B-00C04F79EFBC}") = "FindKElement", "FindKElement\FindKElement.csproj", "{350D3D0F-56F7-4AD8-9161-AFF1219796E7}"
EndProject
Project("{FAE04EC0-301F-11D3-BF4B-00C04F79EFBC}") = "MiddleFindKthElement", "MiddleFindKthElement\MiddleFindKthElement.csproj", "{5EFCC0A4-E5D1-44C1-ACCF-1C8F7F29C1E8}"
EndProject
Project("{FAE04EC0-301F-11D3-BF4B-00C04F79EFBC}") = "MiddleFindKthElement2", "MiddleFindKthElement2\MiddleFindKthElement2.csproj", "{77BF6090-231B-49F0-8DCE-977CE1FF265D}"
EndProject
Project("{FAE04EC0-301F-11D3-BF4B-00C04F79EFBC}") = "MinAndMaxElement", "MinAndMaxElement\MinAndMaxElement.csproj", "{D35340AF-9B9E-49D4-9518-A7A8D0B24D8C}"
EndProject
Global
	GlobalSection(SolutionConfigurationPlatforms) = preSolution
		Debug|Any CPU = Debug|Any CPU
		Release|Any CPU = Release|Any CPU
	EndGlobalSection
	GlobalSection(ProjectConfigurationPlatforms) = postSolution
		{350D3D0F-56F7-4AD8-9161-AFF1219796E7}.Debug|Any CPU.ActiveCfg = Debug|Any CPU
		{350D3D0F-56F7-4AD8-9161-AFF1219796E7}.Debug|Any CPU.Build.0 = Debug|Any CPU
		{350D3D0F-56F7-4AD8-9161-AFF1219796E7}.Release|Any CPU.ActiveCfg = Release|Any CPU
		{350D3D0F-56F7-4AD8-9161-AFF1219796E7}.Release|Any CPU.Build.0 = Release|Any CPU
		{5EFCC0A4-E5D1-44C1-ACCF-1C8F7F29C1E8}.Debug|Any CPU.ActiveCfg = Debug|Any CPU
		{5EFCC0A4-E5D1-44C1-ACCF-1C8F7F29C1E8}.Debug|Any CPU.Build.0 = Debug|Any CPU
		{5EFCC0A4-E5D1-44C1-ACCF-1C8F7F29C1E8}.Release|Any CPU.ActiveCfg = Release|Any CPU
		{5EFCC0A4-E5D1-44C1-ACCF-1C8F7F29C1E8}.Release|Any CPU.Build.0 = Release|Any CPU
		{77BF6090-231B-49F0-8DCE-977CE1FF265D}.Debug|Any CPU.ActiveCfg = Debug|Any CPU
		{77BF6090-231B-49F0-8DCE-977CE1FF265D}.Debug|Any CPU.Build.0 = Debug|Any CPU
		{77BF6090-231B-49F0-8DCE-977CE1FF265D}.Release|Any CPU.ActiveCfg = Release|Any CPU
		{77BF6090-231B-49F0-8DCE-977CE1FF265D}.Release|Any CPU.Build.0 = Release|Any CPU
		{D35340AF-9B9E-49D4-9518-A7A8D0B24D8C}.Debug|Any CPU.ActiveCfg = Debug|Any CPU
		{D35340AF-9B9E-49D4-9518-A7A8D0B24D8C}.Debug|Any CPU.Build.0 = Debug|Any CPU
		{D35340AF-9B9E-49D4-9518-A7A8D0B24D8C}.Release|Any CPU.ActiveCfg = Release|Any CPU
		{D35340AF-9B9E-49D4-9518-A7A8D0B24D8C}.Release|Any CPU.Build.0 = Release|Any CPU
	EndGlobalSection
	GlobalSection(SolutionProperties) = preSolution
		HideSolutionNode = FALSE
	EndGlobalSection
EndGlobal
