Microsoft Visual Studio Solution File, Format Version 12.00
# Visual Studio 2012
Project("{FAE04EC0-301F-11D3-BF4B-00C04F79EFBC}") = "ConferenceRoom", ".\ConferenceRoom\ConferenceRoom.csproj", "{09FE9E6D-250B-4B19-84C7-2F7E9D1506EC}"
EndProject
Project("{FAE04EC0-301F-11D3-BF4B-00C04F79EFBC}") = "JaggedSequence", ".\JaggedSequence\JaggedSequence.csproj", "{A7A39DB2-32B2-4C99-A432-E6DAC90F10B4}"
EndProject
Project("{FAE04EC0-301F-11D3-BF4B-00C04F79EFBC}") = "LongestCommonSubsequence1", ".\LongestCommonSubsequence1\LongestCommonSubsequence1.csproj", "{D041475A-BFA4-4012-B7FE-9B1BE9DCBC6C}"
EndProject
Project("{FAE04EC0-301F-11D3-BF4B-00C04F79EFBC}") = "LongestCommonSubsequence2", ".\LongestCommonSubsequence2\LongestCommonSubsequence2.csproj", "{55694B18-AC04-4E8E-A0F9-BDC7D7C1EB2F}"
EndProject
Project("{FAE04EC0-301F-11D3-BF4B-00C04F79EFBC}") = "LongestNonDecreasingSubsequence1", ".\LongestNonDecreasingSubsequence1\LongestNonDecreasingSubsequence1.csproj", "{ACC34303-7B40-46C5-9FA9-0E8CE7DFFFA4}"
EndProject
Project("{FAE04EC0-301F-11D3-BF4B-00C04F79EFBC}") = "LongestNonDecreasingSubsequence2", ".\LongestNonDecreasingSubsequence2\LongestNonDecreasingSubsequence2.csproj", "{E28D29D4-F582-484A-8110-1835C0B9F745}"
EndProject
Project("{FAE04EC0-301F-11D3-BF4B-00C04F79EFBC}") = "LongestNonDecreasingSubsequence3", ".\LongestNonDecreasingSubsequence3\LongestNonDecreasingSubsequence3.csproj", "{FE266546-B106-483F-BC7C-7150844713E6}"
EndProject
Project("{FAE04EC0-301F-11D3-BF4B-00C04F79EFBC}") = "MatrixMultiplication1", ".\MatrixMultiplication1\MatrixMultiplication1.csproj", "{1EA03D3F-E39B-42CE-8ED5-3AEC53280EE9}"
EndProject
Project("{FAE04EC0-301F-11D3-BF4B-00C04F79EFBC}") = "MatrixMultiplication2", ".\MatrixMultiplication2\MatrixMultiplication2.csproj", "{AFFBD7AB-4036-4EC7-9BF8-F6A927FB83DD}"
EndProject
Project("{FAE04EC0-301F-11D3-BF4B-00C04F79EFBC}") = "MatrixMultiplication3", ".\MatrixMultiplication3\MatrixMultiplication3.csproj", "{D7E4B7C3-E74E-4AD1-951C-12A80976FEC0}"
EndProject
Project("{FAE04EC0-301F-11D3-BF4B-00C04F79EFBC}") = "NoTwoZeroes", ".\NoTwoZeroes\NoTwoZeroes.csproj", "{51F9114F-2812-4CC3-BEF2-11676C7EEE59}"
EndProject
Project("{FAE04EC0-301F-11D3-BF4B-00C04F79EFBC}") = "OptimalBinarySearchTree", ".\OptimalBinarySearchTree\OptimalBinarySearchTree.csproj", "{8E175F88-6130-4C46-B5DB-9D5A8414BBF9}"
EndProject
Project("{FAE04EC0-301F-11D3-BF4B-00C04F79EFBC}") = "OptimalBitonicSequence", ".\OptimalBitonicSequence\OptimalBitonicSequence.csproj", "{A880CF08-2D13-48B6-B6F5-28D25CAAC079}"
EndProject
Project("{FAE04EC0-301F-11D3-BF4B-00C04F79EFBC}") = "Partitioning", ".\Partitioning\Partitioning.csproj", "{F43D54FB-EAFD-4232-AA2C-4A5BA7B21CBF}"
EndProject
Project("{FAE04EC0-301F-11D3-BF4B-00C04F79EFBC}") = "RailwayTickets", ".\RailwayTickets\RailwayTickets.csproj", "{11FC8C01-7A43-4A44-A800-B5AAD40071E1}"
EndProject
Project("{FAE04EC0-301F-11D3-BF4B-00C04F79EFBC}") = "ResourceDistribution", ".\ResourceDistribution\ResourceDistribution.csproj", "{CE00ACBB-E037-46BA-A461-F57B30D2621D}"
EndProject
Project("{FAE04EC0-301F-11D3-BF4B-00C04F79EFBC}") = "RingExpression", ".\RingExpression\RingExpression.csproj", "{A7F137A9-1282-4941-9B34-BFB0CAF39570}"
EndProject
Project("{FAE04EC0-301F-11D3-BF4B-00C04F79EFBC}") = "SportSeries1", ".\SportSeries1\SportSeries1.csproj", "{12492868-F09C-4200-B83D-FF12B23A68F2}"
EndProject
Project("{FAE04EC0-301F-11D3-BF4B-00C04F79EFBC}") = "SportSeries2", ".\SportSeries2\SportSeries2.csproj", "{226C76ED-4899-4458-A6E6-F3C02FE45B2B}"
EndProject
Project("{FAE04EC0-301F-11D3-BF4B-00C04F79EFBC}") = "SportSeries3", ".\SportSeries3\SportSeries3.csproj", "{5C602E0B-8787-4B2A-89A5-E24463A696C8}"
EndProject
Project("{FAE04EC0-301F-11D3-BF4B-00C04F79EFBC}") = "SportSeries4", ".\SportSeries4\SportSeries4.csproj", "{22943427-709D-4BCF-9A2E-320E7A58B555}"
EndProject
Project("{FAE04EC0-301F-11D3-BF4B-00C04F79EFBC}") = "StringTransform", ".\StringTransform\StringTransform.csproj", "{3AF0AEAF-9011-428D-964A-2A5BD512F05D}"
EndProject
Project("{FAE04EC0-301F-11D3-BF4B-00C04F79EFBC}") = "SymbolicMultiplication", ".\SymbolicMultiplication\SymbolicMultiplication.csproj", "{E21992C5-C18D-439D-98BA-0B6621080E61}"
EndProject
Project("{FAE04EC0-301F-11D3-BF4B-00C04F79EFBC}") = "Taxi", ".\Taxi\Taxi.csproj", "{6063BB66-5511-47F9-93C5-4608543C23C3}"
EndProject
Project("{FAE04EC0-301F-11D3-BF4B-00C04F79EFBC}") = "TicketQueue", ".\TicketQueue\TicketQueue.csproj", "{C4763293-86B4-4351-9BF5-B77669BF3452}"
EndProject
Project("{FAE04EC0-301F-11D3-BF4B-00C04F79EFBC}") = "triangle", ".\triangle\triangle.csproj", "{EC8914D4-EE2D-488C-A21E-B0B5B31D0A7C}"
EndProject
Global
	GlobalSection(SolutionConfigurationPlatforms) = preSolution
		Debug|Any CPU = Debug|Any CPU
		Release|Any CPU = Release|Any CPU
	EndGlobalSection
	GlobalSection(ProjectConfigurationPlatforms) = postSolution
        {09FE9E6D-250B-4B19-84C7-2F7E9D1506EC}.Debug|Any CPU.ActiveCfg = Debug|Any CPU
		{09FE9E6D-250B-4B19-84C7-2F7E9D1506EC}.Debug|Any CPU.Build.0 = Debug|Any CPU
		{09FE9E6D-250B-4B19-84C7-2F7E9D1506EC}.Release|Any CPU.ActiveCfg = Release|Any CPU
		{09FE9E6D-250B-4B19-84C7-2F7E9D1506EC}.Release|Any CPU.Build.0 = Release|Any CPU
        {A7A39DB2-32B2-4C99-A432-E6DAC90F10B4}.Debug|Any CPU.ActiveCfg = Debug|Any CPU
		{A7A39DB2-32B2-4C99-A432-E6DAC90F10B4}.Debug|Any CPU.Build.0 = Debug|Any CPU
		{A7A39DB2-32B2-4C99-A432-E6DAC90F10B4}.Release|Any CPU.ActiveCfg = Release|Any CPU
		{A7A39DB2-32B2-4C99-A432-E6DAC90F10B4}.Release|Any CPU.Build.0 = Release|Any CPU
        {D041475A-BFA4-4012-B7FE-9B1BE9DCBC6C}.Debug|Any CPU.ActiveCfg = Debug|Any CPU
		{D041475A-BFA4-4012-B7FE-9B1BE9DCBC6C}.Debug|Any CPU.Build.0 = Debug|Any CPU
		{D041475A-BFA4-4012-B7FE-9B1BE9DCBC6C}.Release|Any CPU.ActiveCfg = Release|Any CPU
		{D041475A-BFA4-4012-B7FE-9B1BE9DCBC6C}.Release|Any CPU.Build.0 = Release|Any CPU
        {55694B18-AC04-4E8E-A0F9-BDC7D7C1EB2F}.Debug|Any CPU.ActiveCfg = Debug|Any CPU
		{55694B18-AC04-4E8E-A0F9-BDC7D7C1EB2F}.Debug|Any CPU.Build.0 = Debug|Any CPU
		{55694B18-AC04-4E8E-A0F9-BDC7D7C1EB2F}.Release|Any CPU.ActiveCfg = Release|Any CPU
		{55694B18-AC04-4E8E-A0F9-BDC7D7C1EB2F}.Release|Any CPU.Build.0 = Release|Any CPU
        {ACC34303-7B40-46C5-9FA9-0E8CE7DFFFA4}.Debug|Any CPU.ActiveCfg = Debug|Any CPU
		{ACC34303-7B40-46C5-9FA9-0E8CE7DFFFA4}.Debug|Any CPU.Build.0 = Debug|Any CPU
		{ACC34303-7B40-46C5-9FA9-0E8CE7DFFFA4}.Release|Any CPU.ActiveCfg = Release|Any CPU
		{ACC34303-7B40-46C5-9FA9-0E8CE7DFFFA4}.Release|Any CPU.Build.0 = Release|Any CPU
        {E28D29D4-F582-484A-8110-1835C0B9F745}.Debug|Any CPU.ActiveCfg = Debug|Any CPU
		{E28D29D4-F582-484A-8110-1835C0B9F745}.Debug|Any CPU.Build.0 = Debug|Any CPU
		{E28D29D4-F582-484A-8110-1835C0B9F745}.Release|Any CPU.ActiveCfg = Release|Any CPU
		{E28D29D4-F582-484A-8110-1835C0B9F745}.Release|Any CPU.Build.0 = Release|Any CPU
        {FE266546-B106-483F-BC7C-7150844713E6}.Debug|Any CPU.ActiveCfg = Debug|Any CPU
		{FE266546-B106-483F-BC7C-7150844713E6}.Debug|Any CPU.Build.0 = Debug|Any CPU
		{FE266546-B106-483F-BC7C-7150844713E6}.Release|Any CPU.ActiveCfg = Release|Any CPU
		{FE266546-B106-483F-BC7C-7150844713E6}.Release|Any CPU.Build.0 = Release|Any CPU
        {1EA03D3F-E39B-42CE-8ED5-3AEC53280EE9}.Debug|Any CPU.ActiveCfg = Debug|Any CPU
		{1EA03D3F-E39B-42CE-8ED5-3AEC53280EE9}.Debug|Any CPU.Build.0 = Debug|Any CPU
		{1EA03D3F-E39B-42CE-8ED5-3AEC53280EE9}.Release|Any CPU.ActiveCfg = Release|Any CPU
		{1EA03D3F-E39B-42CE-8ED5-3AEC53280EE9}.Release|Any CPU.Build.0 = Release|Any CPU
        {AFFBD7AB-4036-4EC7-9BF8-F6A927FB83DD}.Debug|Any CPU.ActiveCfg = Debug|Any CPU
		{AFFBD7AB-4036-4EC7-9BF8-F6A927FB83DD}.Debug|Any CPU.Build.0 = Debug|Any CPU
		{AFFBD7AB-4036-4EC7-9BF8-F6A927FB83DD}.Release|Any CPU.ActiveCfg = Release|Any CPU
		{AFFBD7AB-4036-4EC7-9BF8-F6A927FB83DD}.Release|Any CPU.Build.0 = Release|Any CPU
        {D7E4B7C3-E74E-4AD1-951C-12A80976FEC0}.Debug|Any CPU.ActiveCfg = Debug|Any CPU
		{D7E4B7C3-E74E-4AD1-951C-12A80976FEC0}.Debug|Any CPU.Build.0 = Debug|Any CPU
		{D7E4B7C3-E74E-4AD1-951C-12A80976FEC0}.Release|Any CPU.ActiveCfg = Release|Any CPU
		{D7E4B7C3-E74E-4AD1-951C-12A80976FEC0}.Release|Any CPU.Build.0 = Release|Any CPU
        {51F9114F-2812-4CC3-BEF2-11676C7EEE59}.Debug|Any CPU.ActiveCfg = Debug|Any CPU
		{51F9114F-2812-4CC3-BEF2-11676C7EEE59}.Debug|Any CPU.Build.0 = Debug|Any CPU
		{51F9114F-2812-4CC3-BEF2-11676C7EEE59}.Release|Any CPU.ActiveCfg = Release|Any CPU
		{51F9114F-2812-4CC3-BEF2-11676C7EEE59}.Release|Any CPU.Build.0 = Release|Any CPU
        {8E175F88-6130-4C46-B5DB-9D5A8414BBF9}.Debug|Any CPU.ActiveCfg = Debug|Any CPU
		{8E175F88-6130-4C46-B5DB-9D5A8414BBF9}.Debug|Any CPU.Build.0 = Debug|Any CPU
		{8E175F88-6130-4C46-B5DB-9D5A8414BBF9}.Release|Any CPU.ActiveCfg = Release|Any CPU
		{8E175F88-6130-4C46-B5DB-9D5A8414BBF9}.Release|Any CPU.Build.0 = Release|Any CPU
        {A880CF08-2D13-48B6-B6F5-28D25CAAC079}.Debug|Any CPU.ActiveCfg = Debug|Any CPU
		{A880CF08-2D13-48B6-B6F5-28D25CAAC079}.Debug|Any CPU.Build.0 = Debug|Any CPU
		{A880CF08-2D13-48B6-B6F5-28D25CAAC079}.Release|Any CPU.ActiveCfg = Release|Any CPU
		{A880CF08-2D13-48B6-B6F5-28D25CAAC079}.Release|Any CPU.Build.0 = Release|Any CPU
        {F43D54FB-EAFD-4232-AA2C-4A5BA7B21CBF}.Debug|Any CPU.ActiveCfg = Debug|Any CPU
		{F43D54FB-EAFD-4232-AA2C-4A5BA7B21CBF}.Debug|Any CPU.Build.0 = Debug|Any CPU
		{F43D54FB-EAFD-4232-AA2C-4A5BA7B21CBF}.Release|Any CPU.ActiveCfg = Release|Any CPU
		{F43D54FB-EAFD-4232-AA2C-4A5BA7B21CBF}.Release|Any CPU.Build.0 = Release|Any CPU
        {11FC8C01-7A43-4A44-A800-B5AAD40071E1}.Debug|Any CPU.ActiveCfg = Debug|Any CPU
		{11FC8C01-7A43-4A44-A800-B5AAD40071E1}.Debug|Any CPU.Build.0 = Debug|Any CPU
		{11FC8C01-7A43-4A44-A800-B5AAD40071E1}.Release|Any CPU.ActiveCfg = Release|Any CPU
		{11FC8C01-7A43-4A44-A800-B5AAD40071E1}.Release|Any CPU.Build.0 = Release|Any CPU
        {CE00ACBB-E037-46BA-A461-F57B30D2621D}.Debug|Any CPU.ActiveCfg = Debug|Any CPU
		{CE00ACBB-E037-46BA-A461-F57B30D2621D}.Debug|Any CPU.Build.0 = Debug|Any CPU
		{CE00ACBB-E037-46BA-A461-F57B30D2621D}.Release|Any CPU.ActiveCfg = Release|Any CPU
		{CE00ACBB-E037-46BA-A461-F57B30D2621D}.Release|Any CPU.Build.0 = Release|Any CPU
        {A7F137A9-1282-4941-9B34-BFB0CAF39570}.Debug|Any CPU.ActiveCfg = Debug|Any CPU
		{A7F137A9-1282-4941-9B34-BFB0CAF39570}.Debug|Any CPU.Build.0 = Debug|Any CPU
		{A7F137A9-1282-4941-9B34-BFB0CAF39570}.Release|Any CPU.ActiveCfg = Release|Any CPU
		{A7F137A9-1282-4941-9B34-BFB0CAF39570}.Release|Any CPU.Build.0 = Release|Any CPU
        {12492868-F09C-4200-B83D-FF12B23A68F2}.Debug|Any CPU.ActiveCfg = Debug|Any CPU
		{12492868-F09C-4200-B83D-FF12B23A68F2}.Debug|Any CPU.Build.0 = Debug|Any CPU
		{12492868-F09C-4200-B83D-FF12B23A68F2}.Release|Any CPU.ActiveCfg = Release|Any CPU
		{12492868-F09C-4200-B83D-FF12B23A68F2}.Release|Any CPU.Build.0 = Release|Any CPU
        {226C76ED-4899-4458-A6E6-F3C02FE45B2B}.Debug|Any CPU.ActiveCfg = Debug|Any CPU
		{226C76ED-4899-4458-A6E6-F3C02FE45B2B}.Debug|Any CPU.Build.0 = Debug|Any CPU
		{226C76ED-4899-4458-A6E6-F3C02FE45B2B}.Release|Any CPU.ActiveCfg = Release|Any CPU
		{226C76ED-4899-4458-A6E6-F3C02FE45B2B}.Release|Any CPU.Build.0 = Release|Any CPU
        {5C602E0B-8787-4B2A-89A5-E24463A696C8}.Debug|Any CPU.ActiveCfg = Debug|Any CPU
		{5C602E0B-8787-4B2A-89A5-E24463A696C8}.Debug|Any CPU.Build.0 = Debug|Any CPU
		{5C602E0B-8787-4B2A-89A5-E24463A696C8}.Release|Any CPU.ActiveCfg = Release|Any CPU
		{5C602E0B-8787-4B2A-89A5-E24463A696C8}.Release|Any CPU.Build.0 = Release|Any CPU
        {22943427-709D-4BCF-9A2E-320E7A58B555}.Debug|Any CPU.ActiveCfg = Debug|Any CPU
		{22943427-709D-4BCF-9A2E-320E7A58B555}.Debug|Any CPU.Build.0 = Debug|Any CPU
		{22943427-709D-4BCF-9A2E-320E7A58B555}.Release|Any CPU.ActiveCfg = Release|Any CPU
		{22943427-709D-4BCF-9A2E-320E7A58B555}.Release|Any CPU.Build.0 = Release|Any CPU
        {3AF0AEAF-9011-428D-964A-2A5BD512F05D}.Debug|Any CPU.ActiveCfg = Debug|Any CPU
		{3AF0AEAF-9011-428D-964A-2A5BD512F05D}.Debug|Any CPU.Build.0 = Debug|Any CPU
		{3AF0AEAF-9011-428D-964A-2A5BD512F05D}.Release|Any CPU.ActiveCfg = Release|Any CPU
		{3AF0AEAF-9011-428D-964A-2A5BD512F05D}.Release|Any CPU.Build.0 = Release|Any CPU
        {E21992C5-C18D-439D-98BA-0B6621080E61}.Debug|Any CPU.ActiveCfg = Debug|Any CPU
		{E21992C5-C18D-439D-98BA-0B6621080E61}.Debug|Any CPU.Build.0 = Debug|Any CPU
		{E21992C5-C18D-439D-98BA-0B6621080E61}.Release|Any CPU.ActiveCfg = Release|Any CPU
		{E21992C5-C18D-439D-98BA-0B6621080E61}.Release|Any CPU.Build.0 = Release|Any CPU
        {6063BB66-5511-47F9-93C5-4608543C23C3}.Debug|Any CPU.ActiveCfg = Debug|Any CPU
		{6063BB66-5511-47F9-93C5-4608543C23C3}.Debug|Any CPU.Build.0 = Debug|Any CPU
		{6063BB66-5511-47F9-93C5-4608543C23C3}.Release|Any CPU.ActiveCfg = Release|Any CPU
		{6063BB66-5511-47F9-93C5-4608543C23C3}.Release|Any CPU.Build.0 = Release|Any CPU
        {C4763293-86B4-4351-9BF5-B77669BF3452}.Debug|Any CPU.ActiveCfg = Debug|Any CPU
		{C4763293-86B4-4351-9BF5-B77669BF3452}.Debug|Any CPU.Build.0 = Debug|Any CPU
		{C4763293-86B4-4351-9BF5-B77669BF3452}.Release|Any CPU.ActiveCfg = Release|Any CPU
		{C4763293-86B4-4351-9BF5-B77669BF3452}.Release|Any CPU.Build.0 = Release|Any CPU
        {EC8914D4-EE2D-488C-A21E-B0B5B31D0A7C}.Debug|Any CPU.ActiveCfg = Debug|Any CPU
		{EC8914D4-EE2D-488C-A21E-B0B5B31D0A7C}.Debug|Any CPU.Build.0 = Debug|Any CPU
		{EC8914D4-EE2D-488C-A21E-B0B5B31D0A7C}.Release|Any CPU.ActiveCfg = Release|Any CPU
		{EC8914D4-EE2D-488C-A21E-B0B5B31D0A7C}.Release|Any CPU.Build.0 = Release|Any CPU
    EndGlobalSection
	GlobalSection(SolutionProperties) = preSolution
		HideSolutionNode = FALSE
	EndGlobalSection
EndGlobal
